
Microsoft Visual Studio Solution File, Format Version 12.00
# Visual Studio Version 16
VisualStudioVersion = 16.0.29613.14
MinimumVisualStudioVersion = 10.0.40219.1
Project("{FAE04EC0-301F-11D3-BF4B-00C04F79EFBC}") = "GENAIO", "GENAIO.csproj", "{CCAAAC24-9925-4EAE-8BB6-316F83CEBF41}"
EndProject
Global
	GlobalSection(SolutionConfigurationPlatforms) = preSolution
		Debug|Any CPU = Debug|Any CPU
		Release|Any CPU = Release|Any CPU
	EndGlobalSection
	GlobalSection(ProjectConfigurationPlatforms) = postSolution
		{CCAAAC24-9925-4EAE-8BB6-316F83CEBF41}.Debug|Any CPU.ActiveCfg = Debug|Any CPU
		{CCAAAC24-9925-4EAE-8BB6-316F83CEBF41}.Debug|Any CPU.Build.0 = Debug|Any CPU
		{CCAAAC24-9925-4EAE-8BB6-316F83CEBF41}.Release|Any CPU.ActiveCfg = Release|Any CPU
		{CCAAAC24-9925-4EAE-8BB6-316F83CEBF41}.Release|Any CPU.Build.0 = Release|Any CPU
	EndGlobalSection
	GlobalSection(SolutionProperties) = preSolution
		HideSolutionNode = FALSE
	EndGlobalSection
	GlobalSection(ExtensibilityGlobals) = postSolution
		EnterpriseLibraryConfigurationToolBinariesPathV6 = packages\EnterpriseLibrary.Common.6.0.1304.0\lib\NET45
		SolutionGuid = {597433A9-FD56-463D-9622-6E90E53761E1}
	EndGlobalSection
EndGlobal
